// !$*UTF8*$!
{
	archiveVersion = 1;
	classes = {
	};
	objectVersion = 77;
	objects = {

/* Begin PBXBuildFile section */
		2C992A402DD1DD970014184B /* SignUpPasswordView.swift in Sources */ = {isa = PBXBuildFile; fileRef = 2C992A3F2DD1DD970014184B /* SignUpPasswordView.swift */; };
		2C992A422DD1DDA20014184B /* SignUpPasswordViewModel.swift in Sources */ = {isa = PBXBuildFile; fileRef = 2C992A412DD1DDA20014184B /* SignUpPasswordViewModel.swift */; };
		2C992A442DD1E2410014184B /* Resource.swift in Sources */ = {isa = PBXBuildFile; fileRef = 2C992A432DD1E2410014184B /* Resource.swift */; };
		2C992A482DD1E4360014184B /* String+.swift in Sources */ = {isa = PBXBuildFile; fileRef = 2C992A472DD1E4360014184B /* String+.swift */; };
		2C992A4A2DD222210014184B /* EmailTextField.swift in Sources */ = {isa = PBXBuildFile; fileRef = 2C992A492DD222200014184B /* EmailTextField.swift */; };
		2C992A502DD2235A0014184B /* SignUpInfoView.swift in Sources */ = {isa = PBXBuildFile; fileRef = 2C992A4F2DD2235A0014184B /* SignUpInfoView.swift */; };
		2C992A522DD223710014184B /* SignUpInfoViewModel.swift in Sources */ = {isa = PBXBuildFile; fileRef = 2C992A512DD223710014184B /* SignUpInfoViewModel.swift */; };
		2CDCF4442DCE2659007389FD /* PickPleApp.swift in Sources */ = {isa = PBXBuildFile; fileRef = 2CDCF4412DCE2659007389FD /* PickPleApp.swift */; };
		2CDCF4452DCE2659007389FD /* Preview Assets.xcassets in Resources */ = {isa = PBXBuildFile; fileRef = 2CDCF43D2DCE2659007389FD /* Preview Assets.xcassets */; };
		2CDCF4462DCE2659007389FD /* Assets.xcassets in Resources */ = {isa = PBXBuildFile; fileRef = 2CDCF43F2DCE2659007389FD /* Assets.xcassets */; };
		2CDCF44A2DCE2730007389FD /* .gitignore in Resources */ = {isa = PBXBuildFile; fileRef = 2CDCF4492DCE2730007389FD /* .gitignore */; };
		2CDCF52B2DCF3798007389FD /* Pretendard-Bold.ttf in Resources */ = {isa = PBXBuildFile; fileRef = 2CDCF5282DCF3798007389FD /* Pretendard-Bold.ttf */; };
		2CDCF52C2DCF3798007389FD /* Pretendard-Regular.ttf in Resources */ = {isa = PBXBuildFile; fileRef = 2CDCF52A2DCF3798007389FD /* Pretendard-Regular.ttf */; };
		2CDCF52D2DCF3798007389FD /* Pretendard-Medium.ttf in Resources */ = {isa = PBXBuildFile; fileRef = 2CDCF5292DCF3798007389FD /* Pretendard-Medium.ttf */; };
		2CDCF52F2DCF3BE1007389FD /* JalnanGothicTTF.ttf in Resources */ = {isa = PBXBuildFile; fileRef = 2CDCF52E2DCF3BE1007389FD /* JalnanGothicTTF.ttf */; };
		2CDCF5F92DCF40CB007389FD /* Font+.swift in Sources */ = {isa = PBXBuildFile; fileRef = 2CDCF5F82DCF40CB007389FD /* Font+.swift */; };
		2CDCF6562DCF5F99007389FD /* SplashView.swift in Sources */ = {isa = PBXBuildFile; fileRef = 2CDCF6552DCF5F99007389FD /* SplashView.swift */; };
		2CDCF6592DCF66F9007389FD /* MainTabView.swift in Sources */ = {isa = PBXBuildFile; fileRef = 2CDCF6582DCF66F9007389FD /* MainTabView.swift */; };
		2CDCF65C2DCF6C3A007389FD /* SignInView.swift in Sources */ = {isa = PBXBuildFile; fileRef = 2CDCF65B2DCF6C3A007389FD /* SignInView.swift */; };
		2CDCF6B62DCF8769007389FD /* ButtonWrapper.swift in Sources */ = {isa = PBXBuildFile; fileRef = 2CDCF6B52DCF8769007389FD /* ButtonWrapper.swift */; };
		2CDCF6BB2DCF92A7007389FD /* PrimaryButton.swift in Sources */ = {isa = PBXBuildFile; fileRef = 2CDCF6BA2DCF92A7007389FD /* PrimaryButton.swift */; };
		2CDCF6BD2DCF9EE0007389FD /* ClearableModifier.swift in Sources */ = {isa = PBXBuildFile; fileRef = 2CDCF6BC2DCF9EE0007389FD /* ClearableModifier.swift */; };
		2CDCF6BF2DCFA42E007389FD /* ClearableTextField.swift in Sources */ = {isa = PBXBuildFile; fileRef = 2CDCF6BE2DCFA42E007389FD /* ClearableTextField.swift */; };
		2CDCF6C12DCFA6C3007389FD /* SecureClearableTextField.swift in Sources */ = {isa = PBXBuildFile; fileRef = 2CDCF6C02DCFA6C3007389FD /* SecureClearableTextField.swift */; };
		2CDCF6C32DD03A36007389FD /* SigInViewModel.swift in Sources */ = {isa = PBXBuildFile; fileRef = 2CDCF6C22DD03A36007389FD /* SigInViewModel.swift */; };
		2CDCF6C92DD03AB1007389FD /* SignupEmailView.swift in Sources */ = {isa = PBXBuildFile; fileRef = 2CDCF6C82DD03AB1007389FD /* SignupEmailView.swift */; };
		2CDCF6CB2DD03ABD007389FD /* SignUpEmailViewModel.swift in Sources */ = {isa = PBXBuildFile; fileRef = 2CDCF6CA2DD03ABD007389FD /* SignUpEmailViewModel.swift */; };
/* End PBXBuildFile section */

/* Begin PBXFileReference section */
		2C992A3F2DD1DD970014184B /* SignUpPasswordView.swift */ = {isa = PBXFileReference; lastKnownFileType = sourcecode.swift; path = SignUpPasswordView.swift; sourceTree = "<group>"; };
		2C992A412DD1DDA20014184B /* SignUpPasswordViewModel.swift */ = {isa = PBXFileReference; lastKnownFileType = sourcecode.swift; path = SignUpPasswordViewModel.swift; sourceTree = "<group>"; };
		2C992A432DD1E2410014184B /* Resource.swift */ = {isa = PBXFileReference; lastKnownFileType = sourcecode.swift; path = Resource.swift; sourceTree = "<group>"; };
		2C992A472DD1E4360014184B /* String+.swift */ = {isa = PBXFileReference; lastKnownFileType = sourcecode.swift; path = "String+.swift"; sourceTree = "<group>"; };
		2C992A492DD222200014184B /* EmailTextField.swift */ = {isa = PBXFileReference; lastKnownFileType = sourcecode.swift; path = EmailTextField.swift; sourceTree = "<group>"; };
		2C992A4F2DD2235A0014184B /* SignUpInfoView.swift */ = {isa = PBXFileReference; lastKnownFileType = sourcecode.swift; path = SignUpInfoView.swift; sourceTree = "<group>"; };
		2C992A512DD223710014184B /* SignUpInfoViewModel.swift */ = {isa = PBXFileReference; lastKnownFileType = sourcecode.swift; path = SignUpInfoViewModel.swift; sourceTree = "<group>"; };
		2CDCF42B2DCE2624007389FD /* PickPle.app */ = {isa = PBXFileReference; explicitFileType = wrapper.application; includeInIndex = 0; path = PickPle.app; sourceTree = BUILT_PRODUCTS_DIR; };
		2CDCF43D2DCE2659007389FD /* Preview Assets.xcassets */ = {isa = PBXFileReference; lastKnownFileType = folder.assetcatalog; path = "Preview Assets.xcassets"; sourceTree = "<group>"; };
		2CDCF43F2DCE2659007389FD /* Assets.xcassets */ = {isa = PBXFileReference; lastKnownFileType = folder.assetcatalog; path = Assets.xcassets; sourceTree = "<group>"; };
		2CDCF4412DCE2659007389FD /* PickPleApp.swift */ = {isa = PBXFileReference; lastKnownFileType = sourcecode.swift; path = PickPleApp.swift; sourceTree = "<group>"; };
		2CDCF4492DCE2730007389FD /* .gitignore */ = {isa = PBXFileReference; lastKnownFileType = text; path = .gitignore; sourceTree = "<group>"; };
		2CDCF5282DCF3798007389FD /* Pretendard-Bold.ttf */ = {isa = PBXFileReference; lastKnownFileType = file; path = "Pretendard-Bold.ttf"; sourceTree = "<group>"; };
		2CDCF5292DCF3798007389FD /* Pretendard-Medium.ttf */ = {isa = PBXFileReference; lastKnownFileType = file; path = "Pretendard-Medium.ttf"; sourceTree = "<group>"; };
		2CDCF52A2DCF3798007389FD /* Pretendard-Regular.ttf */ = {isa = PBXFileReference; lastKnownFileType = file; path = "Pretendard-Regular.ttf"; sourceTree = "<group>"; };
		2CDCF52E2DCF3BE1007389FD /* JalnanGothicTTF.ttf */ = {isa = PBXFileReference; lastKnownFileType = file; path = JalnanGothicTTF.ttf; sourceTree = "<group>"; };
		2CDCF5302DCF3C49007389FD /* Info.plist */ = {isa = PBXFileReference; lastKnownFileType = text.plist.xml; path = Info.plist; sourceTree = "<group>"; };
		2CDCF5F82DCF40CB007389FD /* Font+.swift */ = {isa = PBXFileReference; lastKnownFileType = sourcecode.swift; path = "Font+.swift"; sourceTree = "<group>"; };
		2CDCF6552DCF5F99007389FD /* SplashView.swift */ = {isa = PBXFileReference; lastKnownFileType = sourcecode.swift; path = SplashView.swift; sourceTree = "<group>"; };
		2CDCF6582DCF66F9007389FD /* MainTabView.swift */ = {isa = PBXFileReference; lastKnownFileType = sourcecode.swift; path = MainTabView.swift; sourceTree = "<group>"; };
		2CDCF65B2DCF6C3A007389FD /* SignInView.swift */ = {isa = PBXFileReference; lastKnownFileType = sourcecode.swift; path = SignInView.swift; sourceTree = "<group>"; };
		2CDCF6B52DCF8769007389FD /* ButtonWrapper.swift */ = {isa = PBXFileReference; lastKnownFileType = sourcecode.swift; path = ButtonWrapper.swift; sourceTree = "<group>"; };
		2CDCF6BA2DCF92A7007389FD /* PrimaryButton.swift */ = {isa = PBXFileReference; lastKnownFileType = sourcecode.swift; path = PrimaryButton.swift; sourceTree = "<group>"; };
		2CDCF6BC2DCF9EE0007389FD /* ClearableModifier.swift */ = {isa = PBXFileReference; lastKnownFileType = sourcecode.swift; path = ClearableModifier.swift; sourceTree = "<group>"; };
		2CDCF6BE2DCFA42E007389FD /* ClearableTextField.swift */ = {isa = PBXFileReference; lastKnownFileType = sourcecode.swift; path = ClearableTextField.swift; sourceTree = "<group>"; };
		2CDCF6C02DCFA6C3007389FD /* SecureClearableTextField.swift */ = {isa = PBXFileReference; lastKnownFileType = sourcecode.swift; path = SecureClearableTextField.swift; sourceTree = "<group>"; };
		2CDCF6C22DD03A36007389FD /* SigInViewModel.swift */ = {isa = PBXFileReference; lastKnownFileType = sourcecode.swift; path = SigInViewModel.swift; sourceTree = "<group>"; };
		2CDCF6C82DD03AB1007389FD /* SignupEmailView.swift */ = {isa = PBXFileReference; lastKnownFileType = sourcecode.swift; path = SignupEmailView.swift; sourceTree = "<group>"; };
		2CDCF6CA2DD03ABD007389FD /* SignUpEmailViewModel.swift */ = {isa = PBXFileReference; lastKnownFileType = sourcecode.swift; path = SignUpEmailViewModel.swift; sourceTree = "<group>"; };
/* End PBXFileReference section */

/* Begin PBXFileSystemSynchronizedRootGroup section */
		2CDCF6C42DD03A3A007389FD /* Protocol */ = {
			isa = PBXFileSystemSynchronizedRootGroup;
			path = Protocol;
			sourceTree = "<group>";
		};
/* End PBXFileSystemSynchronizedRootGroup section */

/* Begin PBXFrameworksBuildPhase section */
		2CDCF4282DCE2624007389FD /* Frameworks */ = {
			isa = PBXFrameworksBuildPhase;
			buildActionMask = 2147483647;
			files = (
			);
			runOnlyForDeploymentPostprocessing = 0;
		};
/* End PBXFrameworksBuildPhase section */

/* Begin PBXGroup section */
		2C992A3D2DD1DB3E0014184B /* Email */ = {
			isa = PBXGroup;
			children = (
				2CDCF6C82DD03AB1007389FD /* SignupEmailView.swift */,
				2CDCF6CA2DD03ABD007389FD /* SignUpEmailViewModel.swift */,
			);
			path = Email;
			sourceTree = "<group>";
		};
		2C992A3E2DD1DB460014184B /* Password */ = {
			isa = PBXGroup;
			children = (
				2C992A3F2DD1DD970014184B /* SignUpPasswordView.swift */,
				2C992A412DD1DDA20014184B /* SignUpPasswordViewModel.swift */,
			);
			path = Password;
			sourceTree = "<group>";
		};
		2C992A4E2DD2233E0014184B /* Info */ = {
			isa = PBXGroup;
			children = (
				2C992A4F2DD2235A0014184B /* SignUpInfoView.swift */,
				2C992A512DD223710014184B /* SignUpInfoViewModel.swift */,
			);
			path = Info;
			sourceTree = "<group>";
		};
		2CDCF4222DCE2624007389FD = {
			isa = PBXGroup;
			children = (
				2CDCF4492DCE2730007389FD /* .gitignore */,
				2CDCF4422DCE2659007389FD /* PickPle */,
				2CDCF42C2DCE2624007389FD /* Products */,
			);
			sourceTree = "<group>";
		};
		2CDCF42C2DCE2624007389FD /* Products */ = {
			isa = PBXGroup;
			children = (
				2CDCF42B2DCE2624007389FD /* PickPle.app */,
			);
			name = Products;
			sourceTree = "<group>";
		};
		2CDCF43E2DCE2659007389FD /* Preview Content */ = {
			isa = PBXGroup;
			children = (
				2CDCF43D2DCE2659007389FD /* Preview Assets.xcassets */,
			);
			path = "Preview Content";
			sourceTree = "<group>";
		};
		2CDCF4422DCE2659007389FD /* PickPle */ = {
			isa = PBXGroup;
			children = (
				2CDCF5302DCF3C49007389FD /* Info.plist */,
				2CDCF4482DCE2667007389FD /* App */,
				2CDCF5FA2DCF49C4007389FD /* Common */,
				2CDCF5FC2DCF5E53007389FD /* Present */,
				2CDCF6CC2DD1D66E007389FD /* Util */,
				2CDCF5102DCF2211007389FD /* Resource */,
				2CDCF43E2DCE2659007389FD /* Preview Content */,
			);
			path = PickPle;
			sourceTree = "<group>";
		};
		2CDCF4482DCE2667007389FD /* App */ = {
			isa = PBXGroup;
			children = (
				2CDCF4412DCE2659007389FD /* PickPleApp.swift */,
			);
			path = App;
			sourceTree = "<group>";
		};
		2CDCF5102DCF2211007389FD /* Resource */ = {
			isa = PBXGroup;
			children = (
				2CDCF5272DCF369F007389FD /* Font */,
				2CDCF43F2DCE2659007389FD /* Assets.xcassets */,
				2C992A432DD1E2410014184B /* Resource.swift */,
			);
			path = Resource;
			sourceTree = "<group>";
		};
		2CDCF5272DCF369F007389FD /* Font */ = {
			isa = PBXGroup;
			children = (
				2CDCF52E2DCF3BE1007389FD /* JalnanGothicTTF.ttf */,
				2CDCF5282DCF3798007389FD /* Pretendard-Bold.ttf */,
				2CDCF5292DCF3798007389FD /* Pretendard-Medium.ttf */,
				2CDCF52A2DCF3798007389FD /* Pretendard-Regular.ttf */,
			);
			path = Font;
			sourceTree = "<group>";
		};
		2CDCF5FA2DCF49C4007389FD /* Common */ = {
			isa = PBXGroup;
			children = (
				2CDCF6B42DCF8688007389FD /* Modifier */,
				2CDCF6C42DD03A3A007389FD /* Protocol */,
				2CDCF5FB2DCF49D0007389FD /* Extension */,
			);
			path = Common;
			sourceTree = "<group>";
		};
		2CDCF5FB2DCF49D0007389FD /* Extension */ = {
			isa = PBXGroup;
			children = (
				2CDCF5F82DCF40CB007389FD /* Font+.swift */,
				2C992A472DD1E4360014184B /* String+.swift */,
			);
			path = Extension;
			sourceTree = "<group>";
		};
		2CDCF5FC2DCF5E53007389FD /* Present */ = {
			isa = PBXGroup;
			children = (
				2CDCF6B72DCF900A007389FD /* Component */,
				2CDCF6552DCF5F99007389FD /* SplashView.swift */,
				2CDCF6582DCF66F9007389FD /* MainTabView.swift */,
				2CDCF65A2DCF6C06007389FD /* SignIn */,
				2CDCF6C72DD03A95007389FD /* SignUp */,
			);
			path = Present;
			sourceTree = "<group>";
		};
		2CDCF65A2DCF6C06007389FD /* SignIn */ = {
			isa = PBXGroup;
			children = (
				2CDCF65B2DCF6C3A007389FD /* SignInView.swift */,
				2CDCF6C22DD03A36007389FD /* SigInViewModel.swift */,
			);
			path = SignIn;
			sourceTree = "<group>";
		};
		2CDCF6B42DCF8688007389FD /* Modifier */ = {
			isa = PBXGroup;
			children = (
				2CDCF6B52DCF8769007389FD /* ButtonWrapper.swift */,
				2CDCF6BC2DCF9EE0007389FD /* ClearableModifier.swift */,
			);
			path = Modifier;
			sourceTree = "<group>";
		};
		2CDCF6B72DCF900A007389FD /* Component */ = {
			isa = PBXGroup;
			children = (
				2CDCF6BA2DCF92A7007389FD /* PrimaryButton.swift */,
				2CDCF6BE2DCFA42E007389FD /* ClearableTextField.swift */,
				2CDCF6C02DCFA6C3007389FD /* SecureClearableTextField.swift */,
				2C992A492DD222200014184B /* EmailTextField.swift */,
			);
			path = Component;
			sourceTree = "<group>";
		};
		2CDCF6C72DD03A95007389FD /* SignUp */ = {
			isa = PBXGroup;
			children = (
				2C992A3D2DD1DB3E0014184B /* Email */,
				2C992A3E2DD1DB460014184B /* Password */,
				2C992A4E2DD2233E0014184B /* Info */,
			);
			path = SignUp;
			sourceTree = "<group>";
		};
		2CDCF6CC2DD1D66E007389FD /* Util */ = {
			isa = PBXGroup;
			children = (
			);
			path = Util;
			sourceTree = "<group>";
		};
/* End PBXGroup section */

/* Begin PBXNativeTarget section */
		2CDCF42A2DCE2624007389FD /* PickPle */ = {
			isa = PBXNativeTarget;
			buildConfigurationList = 2CDCF4392DCE2625007389FD /* Build configuration list for PBXNativeTarget "PickPle" */;
			buildPhases = (
				2CDCF4272DCE2624007389FD /* Sources */,
				2CDCF4282DCE2624007389FD /* Frameworks */,
				2CDCF4292DCE2624007389FD /* Resources */,
			);
			buildRules = (
			);
			dependencies = (
			);
			fileSystemSynchronizedGroups = (
				2CDCF6C42DD03A3A007389FD /* Protocol */,
			);
			name = PickPle;
			packageProductDependencies = (
			);
			productName = PickPle;
			productReference = 2CDCF42B2DCE2624007389FD /* PickPle.app */;
			productType = "com.apple.product-type.application";
		};
/* End PBXNativeTarget section */

/* Begin PBXProject section */
		2CDCF4232DCE2624007389FD /* Project object */ = {
			isa = PBXProject;
			attributes = {
				BuildIndependentTargetsInParallel = 1;
				LastSwiftUpdateCheck = 1620;
				LastUpgradeCheck = 1620;
				TargetAttributes = {
					2CDCF42A2DCE2624007389FD = {
						CreatedOnToolsVersion = 16.2;
					};
				};
			};
			buildConfigurationList = 2CDCF4262DCE2624007389FD /* Build configuration list for PBXProject "PickPle" */;
			developmentRegion = en;
			hasScannedForEncodings = 0;
			knownRegions = (
				en,
				Base,
			);
			mainGroup = 2CDCF4222DCE2624007389FD;
			minimizedProjectReferenceProxies = 1;
			preferredProjectObjectVersion = 77;
			productRefGroup = 2CDCF42C2DCE2624007389FD /* Products */;
			projectDirPath = "";
			projectRoot = "";
			targets = (
				2CDCF42A2DCE2624007389FD /* PickPle */,
			);
		};
/* End PBXProject section */

/* Begin PBXResourcesBuildPhase section */
		2CDCF4292DCE2624007389FD /* Resources */ = {
			isa = PBXResourcesBuildPhase;
			buildActionMask = 2147483647;
			files = (
				2CDCF52B2DCF3798007389FD /* Pretendard-Bold.ttf in Resources */,
				2CDCF52F2DCF3BE1007389FD /* JalnanGothicTTF.ttf in Resources */,
				2CDCF52C2DCF3798007389FD /* Pretendard-Regular.ttf in Resources */,
				2CDCF52D2DCF3798007389FD /* Pretendard-Medium.ttf in Resources */,
				2CDCF4452DCE2659007389FD /* Preview Assets.xcassets in Resources */,
				2CDCF44A2DCE2730007389FD /* .gitignore in Resources */,
				2CDCF4462DCE2659007389FD /* Assets.xcassets in Resources */,
			);
			runOnlyForDeploymentPostprocessing = 0;
		};
/* End PBXResourcesBuildPhase section */

/* Begin PBXSourcesBuildPhase section */
		2CDCF4272DCE2624007389FD /* Sources */ = {
			isa = PBXSourcesBuildPhase;
			buildActionMask = 2147483647;
			files = (
				2CDCF5F92DCF40CB007389FD /* Font+.swift in Sources */,
				2CDCF4442DCE2659007389FD /* PickPleApp.swift in Sources */,
				2C992A422DD1DDA20014184B /* SignUpPasswordViewModel.swift in Sources */,
				2CDCF6C32DD03A36007389FD /* SigInViewModel.swift in Sources */,
				2CDCF6C12DCFA6C3007389FD /* SecureClearableTextField.swift in Sources */,
				2C992A482DD1E4360014184B /* String+.swift in Sources */,
				2CDCF6562DCF5F99007389FD /* SplashView.swift in Sources */,
				2CDCF6B62DCF8769007389FD /* ButtonWrapper.swift in Sources */,
				2C992A502DD2235A0014184B /* SignUpInfoView.swift in Sources */,
				2C992A4A2DD222210014184B /* EmailTextField.swift in Sources */,
				2CDCF6CB2DD03ABD007389FD /* SignUpEmailViewModel.swift in Sources */,
				2CDCF6BD2DCF9EE0007389FD /* ClearableModifier.swift in Sources */,
				2C992A522DD223710014184B /* SignUpInfoViewModel.swift in Sources */,
				2CDCF6BF2DCFA42E007389FD /* ClearableTextField.swift in Sources */,
				2CDCF6C92DD03AB1007389FD /* SignupEmailView.swift in Sources */,
				2C992A402DD1DD970014184B /* SignUpPasswordView.swift in Sources */,
				2CDCF6BB2DCF92A7007389FD /* PrimaryButton.swift in Sources */,
				2CDCF6592DCF66F9007389FD /* MainTabView.swift in Sources */,
				2CDCF65C2DCF6C3A007389FD /* SignInView.swift in Sources */,
				2C992A442DD1E2410014184B /* Resource.swift in Sources */,
			);
			runOnlyForDeploymentPostprocessing = 0;
		};
/* End PBXSourcesBuildPhase section */

/* Begin XCBuildConfiguration section */
		2CDCF4372DCE2625007389FD /* Debug */ = {
			isa = XCBuildConfiguration;
			buildSettings = {
				ALWAYS_SEARCH_USER_PATHS = NO;
				ASSETCATALOG_COMPILER_GENERATE_SWIFT_ASSET_SYMBOL_EXTENSIONS = YES;
				CLANG_ANALYZER_NONNULL = YES;
				CLANG_ANALYZER_NUMBER_OBJECT_CONVERSION = YES_AGGRESSIVE;
				CLANG_CXX_LANGUAGE_STANDARD = "gnu++20";
				CLANG_ENABLE_MODULES = YES;
				CLANG_ENABLE_OBJC_ARC = YES;
				CLANG_ENABLE_OBJC_WEAK = YES;
				CLANG_WARN_BLOCK_CAPTURE_AUTORELEASING = YES;
				CLANG_WARN_BOOL_CONVERSION = YES;
				CLANG_WARN_COMMA = YES;
				CLANG_WARN_CONSTANT_CONVERSION = YES;
				CLANG_WARN_DEPRECATED_OBJC_IMPLEMENTATIONS = YES;
				CLANG_WARN_DIRECT_OBJC_ISA_USAGE = YES_ERROR;
				CLANG_WARN_DOCUMENTATION_COMMENTS = YES;
				CLANG_WARN_EMPTY_BODY = YES;
				CLANG_WARN_ENUM_CONVERSION = YES;
				CLANG_WARN_INFINITE_RECURSION = YES;
				CLANG_WARN_INT_CONVERSION = YES;
				CLANG_WARN_NON_LITERAL_NULL_CONVERSION = YES;
				CLANG_WARN_OBJC_IMPLICIT_RETAIN_SELF = YES;
				CLANG_WARN_OBJC_LITERAL_CONVERSION = YES;
				CLANG_WARN_OBJC_ROOT_CLASS = YES_ERROR;
				CLANG_WARN_QUOTED_INCLUDE_IN_FRAMEWORK_HEADER = YES;
				CLANG_WARN_RANGE_LOOP_ANALYSIS = YES;
				CLANG_WARN_STRICT_PROTOTYPES = YES;
				CLANG_WARN_SUSPICIOUS_MOVE = YES;
				CLANG_WARN_UNGUARDED_AVAILABILITY = YES_AGGRESSIVE;
				CLANG_WARN_UNREACHABLE_CODE = YES;
				CLANG_WARN__DUPLICATE_METHOD_MATCH = YES;
				COPY_PHASE_STRIP = NO;
				DEBUG_INFORMATION_FORMAT = dwarf;
				ENABLE_STRICT_OBJC_MSGSEND = YES;
				ENABLE_TESTABILITY = YES;
				ENABLE_USER_SCRIPT_SANDBOXING = YES;
				GCC_C_LANGUAGE_STANDARD = gnu17;
				GCC_DYNAMIC_NO_PIC = NO;
				GCC_NO_COMMON_BLOCKS = YES;
				GCC_OPTIMIZATION_LEVEL = 0;
				GCC_PREPROCESSOR_DEFINITIONS = (
					"DEBUG=1",
					"$(inherited)",
				);
				GCC_WARN_64_TO_32_BIT_CONVERSION = YES;
				GCC_WARN_ABOUT_RETURN_TYPE = YES_ERROR;
				GCC_WARN_UNDECLARED_SELECTOR = YES;
				GCC_WARN_UNINITIALIZED_AUTOS = YES_AGGRESSIVE;
				GCC_WARN_UNUSED_FUNCTION = YES;
				GCC_WARN_UNUSED_VARIABLE = YES;
				IPHONEOS_DEPLOYMENT_TARGET = 18.2;
				LOCALIZATION_PREFERS_STRING_CATALOGS = YES;
				MTL_ENABLE_DEBUG_INFO = INCLUDE_SOURCE;
				MTL_FAST_MATH = YES;
				ONLY_ACTIVE_ARCH = YES;
				SDKROOT = iphoneos;
				SWIFT_ACTIVE_COMPILATION_CONDITIONS = "DEBUG $(inherited)";
				SWIFT_OPTIMIZATION_LEVEL = "-Onone";
			};
			name = Debug;
		};
		2CDCF4382DCE2625007389FD /* Release */ = {
			isa = XCBuildConfiguration;
			buildSettings = {
				ALWAYS_SEARCH_USER_PATHS = NO;
				ASSETCATALOG_COMPILER_GENERATE_SWIFT_ASSET_SYMBOL_EXTENSIONS = YES;
				CLANG_ANALYZER_NONNULL = YES;
				CLANG_ANALYZER_NUMBER_OBJECT_CONVERSION = YES_AGGRESSIVE;
				CLANG_CXX_LANGUAGE_STANDARD = "gnu++20";
				CLANG_ENABLE_MODULES = YES;
				CLANG_ENABLE_OBJC_ARC = YES;
				CLANG_ENABLE_OBJC_WEAK = YES;
				CLANG_WARN_BLOCK_CAPTURE_AUTORELEASING = YES;
				CLANG_WARN_BOOL_CONVERSION = YES;
				CLANG_WARN_COMMA = YES;
				CLANG_WARN_CONSTANT_CONVERSION = YES;
				CLANG_WARN_DEPRECATED_OBJC_IMPLEMENTATIONS = YES;
				CLANG_WARN_DIRECT_OBJC_ISA_USAGE = YES_ERROR;
				CLANG_WARN_DOCUMENTATION_COMMENTS = YES;
				CLANG_WARN_EMPTY_BODY = YES;
				CLANG_WARN_ENUM_CONVERSION = YES;
				CLANG_WARN_INFINITE_RECURSION = YES;
				CLANG_WARN_INT_CONVERSION = YES;
				CLANG_WARN_NON_LITERAL_NULL_CONVERSION = YES;
				CLANG_WARN_OBJC_IMPLICIT_RETAIN_SELF = YES;
				CLANG_WARN_OBJC_LITERAL_CONVERSION = YES;
				CLANG_WARN_OBJC_ROOT_CLASS = YES_ERROR;
				CLANG_WARN_QUOTED_INCLUDE_IN_FRAMEWORK_HEADER = YES;
				CLANG_WARN_RANGE_LOOP_ANALYSIS = YES;
				CLANG_WARN_STRICT_PROTOTYPES = YES;
				CLANG_WARN_SUSPICIOUS_MOVE = YES;
				CLANG_WARN_UNGUARDED_AVAILABILITY = YES_AGGRESSIVE;
				CLANG_WARN_UNREACHABLE_CODE = YES;
				CLANG_WARN__DUPLICATE_METHOD_MATCH = YES;
				COPY_PHASE_STRIP = NO;
				DEBUG_INFORMATION_FORMAT = "dwarf-with-dsym";
				ENABLE_NS_ASSERTIONS = NO;
				ENABLE_STRICT_OBJC_MSGSEND = YES;
				ENABLE_USER_SCRIPT_SANDBOXING = YES;
				GCC_C_LANGUAGE_STANDARD = gnu17;
				GCC_NO_COMMON_BLOCKS = YES;
				GCC_WARN_64_TO_32_BIT_CONVERSION = YES;
				GCC_WARN_ABOUT_RETURN_TYPE = YES_ERROR;
				GCC_WARN_UNDECLARED_SELECTOR = YES;
				GCC_WARN_UNINITIALIZED_AUTOS = YES_AGGRESSIVE;
				GCC_WARN_UNUSED_FUNCTION = YES;
				GCC_WARN_UNUSED_VARIABLE = YES;
				IPHONEOS_DEPLOYMENT_TARGET = 18.2;
				LOCALIZATION_PREFERS_STRING_CATALOGS = YES;
				MTL_ENABLE_DEBUG_INFO = NO;
				MTL_FAST_MATH = YES;
				SDKROOT = iphoneos;
				SWIFT_COMPILATION_MODE = wholemodule;
				VALIDATE_PRODUCT = YES;
			};
			name = Release;
		};
		2CDCF43A2DCE2625007389FD /* Debug */ = {
			isa = XCBuildConfiguration;
			buildSettings = {
				ASSETCATALOG_COMPILER_APPICON_NAME = AppIcon;
				ASSETCATALOG_COMPILER_GLOBAL_ACCENT_COLOR_NAME = AccentColor;
				CODE_SIGN_STYLE = Automatic;
				CURRENT_PROJECT_VERSION = 1;
				DEVELOPMENT_ASSET_PATHS = "\"PickPle/Preview Content\"";
				DEVELOPMENT_TEAM = TZ98TZ527N;
				ENABLE_PREVIEWS = YES;
				GENERATE_INFOPLIST_FILE = YES;
				INFOPLIST_FILE = PickPle/Info.plist;
				INFOPLIST_KEY_UIApplicationSceneManifest_Generation = YES;
				INFOPLIST_KEY_UIApplicationSupportsIndirectInputEvents = YES;
				INFOPLIST_KEY_UILaunchScreen_Generation = YES;
				INFOPLIST_KEY_UISupportedInterfaceOrientations = UIInterfaceOrientationPortrait;
				INFOPLIST_KEY_UISupportedInterfaceOrientations_iPad = "UIInterfaceOrientationLandscapeLeft UIInterfaceOrientationLandscapeRight UIInterfaceOrientationPortrait UIInterfaceOrientationPortraitUpsideDown";
				IPHONEOS_DEPLOYMENT_TARGET = 16;
				LD_RUNPATH_SEARCH_PATHS = (
					"$(inherited)",
					"@executable_path/Frameworks",
				);
				MARKETING_VERSION = 1.0;
				PRODUCT_BUNDLE_IDENTIFIER = com.seon.PickPle;
				PRODUCT_NAME = "$(TARGET_NAME)";
				SUPPORTED_PLATFORMS = "iphoneos iphonesimulator";
				SUPPORTS_MACCATALYST = NO;
				SUPPORTS_MAC_DESIGNED_FOR_IPHONE_IPAD = NO;
				SUPPORTS_XR_DESIGNED_FOR_IPHONE_IPAD = NO;
				SWIFT_EMIT_LOC_STRINGS = YES;
				SWIFT_VERSION = 5.0;
				TARGETED_DEVICE_FAMILY = 1;
			};
			name = Debug;
		};
		2CDCF43B2DCE2625007389FD /* Release */ = {
			isa = XCBuildConfiguration;
			buildSettings = {
				ASSETCATALOG_COMPILER_APPICON_NAME = AppIcon;
				ASSETCATALOG_COMPILER_GLOBAL_ACCENT_COLOR_NAME = AccentColor;
				CODE_SIGN_STYLE = Automatic;
				CURRENT_PROJECT_VERSION = 1;
				DEVELOPMENT_ASSET_PATHS = "\"PickPle/Preview Content\"";
				DEVELOPMENT_TEAM = TZ98TZ527N;
				ENABLE_PREVIEWS = YES;
				GENERATE_INFOPLIST_FILE = YES;
				INFOPLIST_FILE = PickPle/Info.plist;
				INFOPLIST_KEY_UIApplicationSceneManifest_Generation = YES;
				INFOPLIST_KEY_UIApplicationSupportsIndirectInputEvents = YES;
				INFOPLIST_KEY_UILaunchScreen_Generation = YES;
				INFOPLIST_KEY_UISupportedInterfaceOrientations = UIInterfaceOrientationPortrait;
				INFOPLIST_KEY_UISupportedInterfaceOrientations_iPad = "UIInterfaceOrientationLandscapeLeft UIInterfaceOrientationLandscapeRight UIInterfaceOrientationPortrait UIInterfaceOrientationPortraitUpsideDown";
				IPHONEOS_DEPLOYMENT_TARGET = 16;
				LD_RUNPATH_SEARCH_PATHS = (
					"$(inherited)",
					"@executable_path/Frameworks",
				);
				MARKETING_VERSION = 1.0;
				PRODUCT_BUNDLE_IDENTIFIER = com.seon.PickPle;
				PRODUCT_NAME = "$(TARGET_NAME)";
				SUPPORTED_PLATFORMS = "iphoneos iphonesimulator";
				SUPPORTS_MACCATALYST = NO;
				SUPPORTS_MAC_DESIGNED_FOR_IPHONE_IPAD = NO;
				SUPPORTS_XR_DESIGNED_FOR_IPHONE_IPAD = NO;
				SWIFT_EMIT_LOC_STRINGS = YES;
				SWIFT_VERSION = 5.0;
				TARGETED_DEVICE_FAMILY = 1;
			};
			name = Release;
		};
/* End XCBuildConfiguration section */

/* Begin XCConfigurationList section */
		2CDCF4262DCE2624007389FD /* Build configuration list for PBXProject "PickPle" */ = {
			isa = XCConfigurationList;
			buildConfigurations = (
				2CDCF4372DCE2625007389FD /* Debug */,
				2CDCF4382DCE2625007389FD /* Release */,
			);
			defaultConfigurationIsVisible = 0;
			defaultConfigurationName = Release;
		};
		2CDCF4392DCE2625007389FD /* Build configuration list for PBXNativeTarget "PickPle" */ = {
			isa = XCConfigurationList;
			buildConfigurations = (
				2CDCF43A2DCE2625007389FD /* Debug */,
				2CDCF43B2DCE2625007389FD /* Release */,
			);
			defaultConfigurationIsVisible = 0;
			defaultConfigurationName = Release;
		};
/* End XCConfigurationList section */
	};
	rootObject = 2CDCF4232DCE2624007389FD /* Project object */;
}
